
Microsoft Visual Studio Solution File, Format Version 12.00
# Visual Studio Version 17
VisualStudioVersion = 17.0.31903.59
MinimumVisualStudioVersion = 10.0.40219.1
Project("{2150E333-8FDC-42A3-9474-1A3956D46DE8}") = "src", "src", "{827E0CD3-B72D-47B6-A68D-7590B98EB39B}"
EndProject
Project("{2150E333-8FDC-42A3-9474-1A3956D46DE8}") = "shared", "shared", "{C8E42992-5E42-0C2B-DBFE-AA848D06431C}"
EndProject
Project("{2150E333-8FDC-42A3-9474-1A3956D46DE8}") = "BuildingBlocks", "BuildingBlocks", "{B045E501-5141-1E89-B4C7-6693A100DAF5}"
EndProject
Project("{FAE04EC0-301F-11D3-BF4B-00C04F79EFBC}") = "BuildingBlocks", "src\shared\BuildingBlocks\BuildingBlocks\BuildingBlocks.csproj", "{F8D44424-4E71-4821-9E47-5DCC80A9402E}"
EndProject
Project("{2150E333-8FDC-42A3-9474-1A3956D46DE8}") = "Contracts", "Contracts", "{7DA348B5-9681-7436-A640-3B972169BAFB}"
EndProject
Project("{FAE04EC0-301F-11D3-BF4B-00C04F79EFBC}") = "Contracts", "src\shared\Contracts\Contracts\Contracts.csproj", "{7C8E8A24-CF91-423C-AE58-541F0C16FEEC}"
EndProject
Project("{2150E333-8FDC-42A3-9474-1A3956D46DE8}") = "services", "services", "{984BB9B3-3FA3-BE33-9484-CAC21695A33C}"
EndProject
Project("{2150E333-8FDC-42A3-9474-1A3956D46DE8}") = "ClientesService", "ClientesService", "{F9124A1B-0D15-347C-A309-43C309170E30}"
EndProject
Project("{2150E333-8FDC-42A3-9474-1A3956D46DE8}") = "src", "src", "{B01E69F1-20D6-8AAC-C59A-7871FFD1939C}"
EndProject
Project("{2150E333-8FDC-42A3-9474-1A3956D46DE8}") = "ClientesService.Api", "ClientesService.Api", "{99A7BC4F-2640-3771-1135-A7BE32BC0533}"
EndProject
Project("{FAE04EC0-301F-11D3-BF4B-00C04F79EFBC}") = "ClientesService.Api", "src\services\ClientesService\src\ClientesService.Api\ClientesService.Api\ClientesService.Api.csproj", "{07F83268-69A7-44FB-91E1-4C1084EE26A6}"
EndProject
Project("{2150E333-8FDC-42A3-9474-1A3956D46DE8}") = "CestasRecomendacaoService", "CestasRecomendacaoService", "{6A6BA917-288C-0F6D-4775-DA46DAFBAE38}"
EndProject
Project("{2150E333-8FDC-42A3-9474-1A3956D46DE8}") = "src", "src", "{31EE025F-B9E5-B4B4-2834-7494905AD4FB}"
EndProject
Project("{2150E333-8FDC-42A3-9474-1A3956D46DE8}") = "CestasRecomendacaoService.Api", "CestasRecomendacaoService.Api", "{0AEB4FFD-FA89-8D68-EFAC-8C668C318BD2}"
EndProject
Project("{FAE04EC0-301F-11D3-BF4B-00C04F79EFBC}") = "CestasRecomendacaoService.Api", "src\services\CestasRecomendacaoService\src\CestasRecomendacaoService.Api\CestasRecomendacaoService.Api\CestasRecomendacaoService.Api.csproj", "{20347BE2-2BDD-416C-968A-2834986C5C2D}"
EndProject
Project("{2150E333-8FDC-42A3-9474-1A3956D46DE8}") = "CotacoesService", "CotacoesService", "{F587AB4D-FC49-1776-F88F-A530654AE0A1}"
EndProject
Project("{2150E333-8FDC-42A3-9474-1A3956D46DE8}") = "src", "src", "{C13012ED-651A-880B-AEB7-69C0CBEEED24}"
EndProject
Project("{2150E333-8FDC-42A3-9474-1A3956D46DE8}") = "CotacoesService.Api", "CotacoesService.Api", "{0B2E1AB0-8A93-2E30-C711-22944ADC427B}"
EndProject
Project("{FAE04EC0-301F-11D3-BF4B-00C04F79EFBC}") = "CotacoesService.Api", "src\services\CotacoesService\src\CotacoesService.Api\CotacoesService.Api\CotacoesService.Api.csproj", "{3253584D-6062-4779-89D4-54FED58C24EE}"
EndProject
Project("{2150E333-8FDC-42A3-9474-1A3956D46DE8}") = "CustodiasService", "CustodiasService", "{5DF39E3B-D071-F102-A612-DF13D31FB05B}"
EndProject
Project("{2150E333-8FDC-42A3-9474-1A3956D46DE8}") = "src", "src", "{100F79B4-978D-A1F6-A4B7-AE9D89DB4E4F}"
EndProject
Project("{2150E333-8FDC-42A3-9474-1A3956D46DE8}") = "CustodiasService.Api", "CustodiasService.Api", "{706BF16A-5E34-EE7D-0D9B-7C9DFE05D0E1}"
EndProject
Project("{FAE04EC0-301F-11D3-BF4B-00C04F79EFBC}") = "CustodiasService.Api", "src\services\CustodiasService\src\CustodiasService.Api\CustodiasService.Api\CustodiasService.Api.csproj", "{55D1AA7E-842B-4656-B5FF-9B626F0A2DF5}"
EndProject
Project("{2150E333-8FDC-42A3-9474-1A3956D46DE8}") = "MotorCompraService", "MotorCompraService", "{98FB6F92-BA4F-F700-79F2-179737625732}"
EndProject
Project("{2150E333-8FDC-42A3-9474-1A3956D46DE8}") = "src", "src", "{15FB6CD0-6223-C5CA-DF2D-1A07F5B99179}"
EndProject
Project("{2150E333-8FDC-42A3-9474-1A3956D46DE8}") = "MotorCompraService.Api", "MotorCompraService.Api", "{36936BC4-3709-BE8A-23DB-C8E1A134DB7D}"
EndProject
Project("{FAE04EC0-301F-11D3-BF4B-00C04F79EFBC}") = "MotorCompraService.Api", "src\services\MotorCompraService\src\MotorCompraService.Api\MotorCompraService.Api\MotorCompraService.Api.csproj", "{A20CF2A0-C5FD-4A7B-AE7E-78F231202253}"
EndProject
Project("{2150E333-8FDC-42A3-9474-1A3956D46DE8}") = "RebalanceamentosService", "RebalanceamentosService", "{44A59B74-B930-7D60-AF94-54D9DBB544D5}"
EndProject
Project("{2150E333-8FDC-42A3-9474-1A3956D46DE8}") = "src", "src", "{50C6E6CD-1E50-1EB0-951E-58F6249BEC24}"
EndProject
Project("{2150E333-8FDC-42A3-9474-1A3956D46DE8}") = "RebalanceamentosService.Api", "RebalanceamentosService.Api", "{7BB27B21-263A-70BD-9E08-38A69131CDBA}"
EndProject
Project("{FAE04EC0-301F-11D3-BF4B-00C04F79EFBC}") = "RebalanceamentosService.Api", "src\services\RebalanceamentosService\src\RebalanceamentosService.Api\RebalanceamentosService.Api\RebalanceamentosService.Api.csproj", "{4ED643DD-3FA8-41C1-9755-3F201A3F861E}"
EndProject
Project("{2150E333-8FDC-42A3-9474-1A3956D46DE8}") = "EventosIRService", "EventosIRService", "{EC309C42-4306-F8BB-564A-C5ED5C671B83}"
EndProject
Project("{2150E333-8FDC-42A3-9474-1A3956D46DE8}") = "src", "src", "{B1E181A9-8C61-C544-9EDD-284B4D9DA1E7}"
EndProject
Project("{2150E333-8FDC-42A3-9474-1A3956D46DE8}") = "EventosIRService.Api", "EventosIRService.Api", "{AA6D181B-433D-8A72-BB9E-0648EB359F94}"
EndProject
Project("{FAE04EC0-301F-11D3-BF4B-00C04F79EFBC}") = "EventosIRService.Api", "src\services\EventosIRService\src\EventosIRService.Api\EventosIRService.Api\EventosIRService.Api.csproj", "{FCEEBE07-19EF-477A-B1E1-7DA066B6B494}"
EndProject
Project("{2150E333-8FDC-42A3-9474-1A3956D46DE8}") = "tests", "tests", "{D885ABEA-BCE0-46DA-A68A-8CF850617801}"
EndProject
Project("{2150E333-8FDC-42A3-9474-1A3956D46DE8}") = "ClientesService.Tests", "ClientesService.Tests", "{1F55160B-983C-6AB3-E4EF-0EDE6F7D458F}"
EndProject
Project("{FAE04EC0-301F-11D3-BF4B-00C04F79EFBC}") = "ClientesService.Tests", "src\services\ClientesService\tests\ClientesService.Tests\ClientesService.Tests\ClientesService.Tests.csproj", "{DF4C3525-760C-443B-8DDE-0D820038104B}"
EndProject
Project("{2150E333-8FDC-42A3-9474-1A3956D46DE8}") = "tests", "tests", "{F8533961-A291-70D0-A181-542D3F3AD233}"
EndProject
Project("{2150E333-8FDC-42A3-9474-1A3956D46DE8}") = "CestasRecomendacaoService.Tests", "CestasRecomendacaoService.Tests", "{F132E505-B6FB-C568-F7AE-FD180FEAFF5C}"
EndProject
Project("{FAE04EC0-301F-11D3-BF4B-00C04F79EFBC}") = "CestasRecomendacaoService.Tests", "src\services\CestasRecomendacaoService\tests\CestasRecomendacaoService.Tests\CestasRecomendacaoService.Tests\CestasRecomendacaoService.Tests.csproj", "{5501C45F-B1FE-4300-96BB-161ED10C375A}"
EndProject
Project("{2150E333-8FDC-42A3-9474-1A3956D46DE8}") = "tests", "tests", "{C430E2DA-3CE9-BBA3-F1A1-DEB0BF74EF31}"
EndProject
Project("{2150E333-8FDC-42A3-9474-1A3956D46DE8}") = "CotacoesService.Tests", "CotacoesService.Tests", "{D073B535-5BC8-9649-021E-C530582C8E1B}"
EndProject
Project("{FAE04EC0-301F-11D3-BF4B-00C04F79EFBC}") = "CotacoesService.Tests", "src\services\CotacoesService\tests\CotacoesService.Tests\CotacoesService.Tests\CotacoesService.Tests.csproj", "{C0AD69DD-0D05-4577-918C-BB401F65B0A1}"
EndProject
Project("{2150E333-8FDC-42A3-9474-1A3956D46DE8}") = "tests", "tests", "{9D9B4492-FCD0-99D2-8837-EAF60B441714}"
EndProject
Project("{2150E333-8FDC-42A3-9474-1A3956D46DE8}") = "CustodiasService.Tests", "CustodiasService.Tests", "{80B91855-3417-6212-EB9F-2BDFBD37448E}"
EndProject
Project("{FAE04EC0-301F-11D3-BF4B-00C04F79EFBC}") = "CustodiasService.Tests", "src\services\CustodiasService\tests\CustodiasService.Tests\CustodiasService.Tests\CustodiasService.Tests.csproj", "{90EADBE6-D3F9-4A9D-816E-A8E04C2E9AD5}"
EndProject
Project("{2150E333-8FDC-42A3-9474-1A3956D46DE8}") = "tests", "tests", "{716FF568-187B-AF39-2C9B-A7AB5F61D691}"
EndProject
Project("{2150E333-8FDC-42A3-9474-1A3956D46DE8}") = "MotorCompraService.Tests", "MotorCompraService.Tests", "{36FFCB1B-ABA5-F32E-C2B6-D470B1CB958B}"
EndProject
Project("{FAE04EC0-301F-11D3-BF4B-00C04F79EFBC}") = "MotorCompraService.Tests", "src\services\MotorCompraService\tests\MotorCompraService.Tests\MotorCompraService.Tests\MotorCompraService.Tests.csproj", "{09BE1803-3C30-4500-93DD-8613EF086974}"
EndProject
Project("{2150E333-8FDC-42A3-9474-1A3956D46DE8}") = "tests", "tests", "{3B3DFBB1-FD2E-8AFB-D7C3-DAA829A8E71B}"
EndProject
Project("{2150E333-8FDC-42A3-9474-1A3956D46DE8}") = "RebalanceamentosService.Tests", "RebalanceamentosService.Tests", "{CA85FFFA-F187-1133-8413-DE6CC0512424}"
EndProject
Project("{FAE04EC0-301F-11D3-BF4B-00C04F79EFBC}") = "RebalanceamentosService.Tests", "src\services\RebalanceamentosService\tests\RebalanceamentosService.Tests\RebalanceamentosService.Tests\RebalanceamentosService.Tests.csproj", "{2620CAD9-0AC0-40F9-9C8C-F7489CE75B4D}"
EndProject
Project("{2150E333-8FDC-42A3-9474-1A3956D46DE8}") = "tests", "tests", "{B8293CF3-E14F-8F72-36FD-0A670C72CD40}"
EndProject
Project("{2150E333-8FDC-42A3-9474-1A3956D46DE8}") = "EventosIRService.Tests", "EventosIRService.Tests", "{AB8E1316-5117-BBEA-9125-52F02C26655A}"
EndProject
Project("{FAE04EC0-301F-11D3-BF4B-00C04F79EFBC}") = "EventosIRService.Tests", "src\services\EventosIRService\tests\EventosIRService.Tests\EventosIRService.Tests\EventosIRService.Tests.csproj", "{9C33DECC-7C86-4572-92E3-C16DA3ED29EE}"
EndProject
Global
	GlobalSection(SolutionConfigurationPlatforms) = preSolution
		Debug|Any CPU = Debug|Any CPU
		Debug|x64 = Debug|x64
		Debug|x86 = Debug|x86
		Release|Any CPU = Release|Any CPU
		Release|x64 = Release|x64
		Release|x86 = Release|x86
	EndGlobalSection
	GlobalSection(ProjectConfigurationPlatforms) = postSolution
		{F8D44424-4E71-4821-9E47-5DCC80A9402E}.Debug|Any CPU.ActiveCfg = Debug|Any CPU
		{F8D44424-4E71-4821-9E47-5DCC80A9402E}.Debug|Any CPU.Build.0 = Debug|Any CPU
		{F8D44424-4E71-4821-9E47-5DCC80A9402E}.Debug|x64.ActiveCfg = Debug|Any CPU
		{F8D44424-4E71-4821-9E47-5DCC80A9402E}.Debug|x64.Build.0 = Debug|Any CPU
		{F8D44424-4E71-4821-9E47-5DCC80A9402E}.Debug|x86.ActiveCfg = Debug|Any CPU
		{F8D44424-4E71-4821-9E47-5DCC80A9402E}.Debug|x86.Build.0 = Debug|Any CPU
		{F8D44424-4E71-4821-9E47-5DCC80A9402E}.Release|Any CPU.ActiveCfg = Release|Any CPU
		{F8D44424-4E71-4821-9E47-5DCC80A9402E}.Release|Any CPU.Build.0 = Release|Any CPU
		{F8D44424-4E71-4821-9E47-5DCC80A9402E}.Release|x64.ActiveCfg = Release|Any CPU
		{F8D44424-4E71-4821-9E47-5DCC80A9402E}.Release|x64.Build.0 = Release|Any CPU
		{F8D44424-4E71-4821-9E47-5DCC80A9402E}.Release|x86.ActiveCfg = Release|Any CPU
		{F8D44424-4E71-4821-9E47-5DCC80A9402E}.Release|x86.Build.0 = Release|Any CPU
		{7C8E8A24-CF91-423C-AE58-541F0C16FEEC}.Debug|Any CPU.ActiveCfg = Debug|Any CPU
		{7C8E8A24-CF91-423C-AE58-541F0C16FEEC}.Debug|Any CPU.Build.0 = Debug|Any CPU
		{7C8E8A24-CF91-423C-AE58-541F0C16FEEC}.Debug|x64.ActiveCfg = Debug|Any CPU
		{7C8E8A24-CF91-423C-AE58-541F0C16FEEC}.Debug|x64.Build.0 = Debug|Any CPU
		{7C8E8A24-CF91-423C-AE58-541F0C16FEEC}.Debug|x86.ActiveCfg = Debug|Any CPU
		{7C8E8A24-CF91-423C-AE58-541F0C16FEEC}.Debug|x86.Build.0 = Debug|Any CPU
		{7C8E8A24-CF91-423C-AE58-541F0C16FEEC}.Release|Any CPU.ActiveCfg = Release|Any CPU
		{7C8E8A24-CF91-423C-AE58-541F0C16FEEC}.Release|Any CPU.Build.0 = Release|Any CPU
		{7C8E8A24-CF91-423C-AE58-541F0C16FEEC}.Release|x64.ActiveCfg = Release|Any CPU
		{7C8E8A24-CF91-423C-AE58-541F0C16FEEC}.Release|x64.Build.0 = Release|Any CPU
		{7C8E8A24-CF91-423C-AE58-541F0C16FEEC}.Release|x86.ActiveCfg = Release|Any CPU
		{7C8E8A24-CF91-423C-AE58-541F0C16FEEC}.Release|x86.Build.0 = Release|Any CPU
		{07F83268-69A7-44FB-91E1-4C1084EE26A6}.Debug|Any CPU.ActiveCfg = Debug|Any CPU
		{07F83268-69A7-44FB-91E1-4C1084EE26A6}.Debug|Any CPU.Build.0 = Debug|Any CPU
		{07F83268-69A7-44FB-91E1-4C1084EE26A6}.Debug|x64.ActiveCfg = Debug|Any CPU
		{07F83268-69A7-44FB-91E1-4C1084EE26A6}.Debug|x64.Build.0 = Debug|Any CPU
		{07F83268-69A7-44FB-91E1-4C1084EE26A6}.Debug|x86.ActiveCfg = Debug|Any CPU
		{07F83268-69A7-44FB-91E1-4C1084EE26A6}.Debug|x86.Build.0 = Debug|Any CPU
		{07F83268-69A7-44FB-91E1-4C1084EE26A6}.Release|Any CPU.ActiveCfg = Release|Any CPU
		{07F83268-69A7-44FB-91E1-4C1084EE26A6}.Release|Any CPU.Build.0 = Release|Any CPU
		{07F83268-69A7-44FB-91E1-4C1084EE26A6}.Release|x64.ActiveCfg = Release|Any CPU
		{07F83268-69A7-44FB-91E1-4C1084EE26A6}.Release|x64.Build.0 = Release|Any CPU
		{07F83268-69A7-44FB-91E1-4C1084EE26A6}.Release|x86.ActiveCfg = Release|Any CPU
		{07F83268-69A7-44FB-91E1-4C1084EE26A6}.Release|x86.Build.0 = Release|Any CPU
		{20347BE2-2BDD-416C-968A-2834986C5C2D}.Debug|Any CPU.ActiveCfg = Debug|Any CPU
		{20347BE2-2BDD-416C-968A-2834986C5C2D}.Debug|Any CPU.Build.0 = Debug|Any CPU
		{20347BE2-2BDD-416C-968A-2834986C5C2D}.Debug|x64.ActiveCfg = Debug|Any CPU
		{20347BE2-2BDD-416C-968A-2834986C5C2D}.Debug|x64.Build.0 = Debug|Any CPU
		{20347BE2-2BDD-416C-968A-2834986C5C2D}.Debug|x86.ActiveCfg = Debug|Any CPU
		{20347BE2-2BDD-416C-968A-2834986C5C2D}.Debug|x86.Build.0 = Debug|Any CPU
		{20347BE2-2BDD-416C-968A-2834986C5C2D}.Release|Any CPU.ActiveCfg = Release|Any CPU
		{20347BE2-2BDD-416C-968A-2834986C5C2D}.Release|Any CPU.Build.0 = Release|Any CPU
		{20347BE2-2BDD-416C-968A-2834986C5C2D}.Release|x64.ActiveCfg = Release|Any CPU
		{20347BE2-2BDD-416C-968A-2834986C5C2D}.Release|x64.Build.0 = Release|Any CPU
		{20347BE2-2BDD-416C-968A-2834986C5C2D}.Release|x86.ActiveCfg = Release|Any CPU
		{20347BE2-2BDD-416C-968A-2834986C5C2D}.Release|x86.Build.0 = Release|Any CPU
		{3253584D-6062-4779-89D4-54FED58C24EE}.Debug|Any CPU.ActiveCfg = Debug|Any CPU
		{3253584D-6062-4779-89D4-54FED58C24EE}.Debug|Any CPU.Build.0 = Debug|Any CPU
		{3253584D-6062-4779-89D4-54FED58C24EE}.Debug|x64.ActiveCfg = Debug|Any CPU
		{3253584D-6062-4779-89D4-54FED58C24EE}.Debug|x64.Build.0 = Debug|Any CPU
		{3253584D-6062-4779-89D4-54FED58C24EE}.Debug|x86.ActiveCfg = Debug|Any CPU
		{3253584D-6062-4779-89D4-54FED58C24EE}.Debug|x86.Build.0 = Debug|Any CPU
		{3253584D-6062-4779-89D4-54FED58C24EE}.Release|Any CPU.ActiveCfg = Release|Any CPU
		{3253584D-6062-4779-89D4-54FED58C24EE}.Release|Any CPU.Build.0 = Release|Any CPU
		{3253584D-6062-4779-89D4-54FED58C24EE}.Release|x64.ActiveCfg = Release|Any CPU
		{3253584D-6062-4779-89D4-54FED58C24EE}.Release|x64.Build.0 = Release|Any CPU
		{3253584D-6062-4779-89D4-54FED58C24EE}.Release|x86.ActiveCfg = Release|Any CPU
		{3253584D-6062-4779-89D4-54FED58C24EE}.Release|x86.Build.0 = Release|Any CPU
		{55D1AA7E-842B-4656-B5FF-9B626F0A2DF5}.Debug|Any CPU.ActiveCfg = Debug|Any CPU
		{55D1AA7E-842B-4656-B5FF-9B626F0A2DF5}.Debug|Any CPU.Build.0 = Debug|Any CPU
		{55D1AA7E-842B-4656-B5FF-9B626F0A2DF5}.Debug|x64.ActiveCfg = Debug|Any CPU
		{55D1AA7E-842B-4656-B5FF-9B626F0A2DF5}.Debug|x64.Build.0 = Debug|Any CPU
		{55D1AA7E-842B-4656-B5FF-9B626F0A2DF5}.Debug|x86.ActiveCfg = Debug|Any CPU
		{55D1AA7E-842B-4656-B5FF-9B626F0A2DF5}.Debug|x86.Build.0 = Debug|Any CPU
		{55D1AA7E-842B-4656-B5FF-9B626F0A2DF5}.Release|Any CPU.ActiveCfg = Release|Any CPU
		{55D1AA7E-842B-4656-B5FF-9B626F0A2DF5}.Release|Any CPU.Build.0 = Release|Any CPU
		{55D1AA7E-842B-4656-B5FF-9B626F0A2DF5}.Release|x64.ActiveCfg = Release|Any CPU
		{55D1AA7E-842B-4656-B5FF-9B626F0A2DF5}.Release|x64.Build.0 = Release|Any CPU
		{55D1AA7E-842B-4656-B5FF-9B626F0A2DF5}.Release|x86.ActiveCfg = Release|Any CPU
		{55D1AA7E-842B-4656-B5FF-9B626F0A2DF5}.Release|x86.Build.0 = Release|Any CPU
		{A20CF2A0-C5FD-4A7B-AE7E-78F231202253}.Debug|Any CPU.ActiveCfg = Debug|Any CPU
		{A20CF2A0-C5FD-4A7B-AE7E-78F231202253}.Debug|Any CPU.Build.0 = Debug|Any CPU
		{A20CF2A0-C5FD-4A7B-AE7E-78F231202253}.Debug|x64.ActiveCfg = Debug|Any CPU
		{A20CF2A0-C5FD-4A7B-AE7E-78F231202253}.Debug|x64.Build.0 = Debug|Any CPU
		{A20CF2A0-C5FD-4A7B-AE7E-78F231202253}.Debug|x86.ActiveCfg = Debug|Any CPU
		{A20CF2A0-C5FD-4A7B-AE7E-78F231202253}.Debug|x86.Build.0 = Debug|Any CPU
		{A20CF2A0-C5FD-4A7B-AE7E-78F231202253}.Release|Any CPU.ActiveCfg = Release|Any CPU
		{A20CF2A0-C5FD-4A7B-AE7E-78F231202253}.Release|Any CPU.Build.0 = Release|Any CPU
		{A20CF2A0-C5FD-4A7B-AE7E-78F231202253}.Release|x64.ActiveCfg = Release|Any CPU
		{A20CF2A0-C5FD-4A7B-AE7E-78F231202253}.Release|x64.Build.0 = Release|Any CPU
		{A20CF2A0-C5FD-4A7B-AE7E-78F231202253}.Release|x86.ActiveCfg = Release|Any CPU
		{A20CF2A0-C5FD-4A7B-AE7E-78F231202253}.Release|x86.Build.0 = Release|Any CPU
		{4ED643DD-3FA8-41C1-9755-3F201A3F861E}.Debug|Any CPU.ActiveCfg = Debug|Any CPU
		{4ED643DD-3FA8-41C1-9755-3F201A3F861E}.Debug|Any CPU.Build.0 = Debug|Any CPU
		{4ED643DD-3FA8-41C1-9755-3F201A3F861E}.Debug|x64.ActiveCfg = Debug|Any CPU
		{4ED643DD-3FA8-41C1-9755-3F201A3F861E}.Debug|x64.Build.0 = Debug|Any CPU
		{4ED643DD-3FA8-41C1-9755-3F201A3F861E}.Debug|x86.ActiveCfg = Debug|Any CPU
		{4ED643DD-3FA8-41C1-9755-3F201A3F861E}.Debug|x86.Build.0 = Debug|Any CPU
		{4ED643DD-3FA8-41C1-9755-3F201A3F861E}.Release|Any CPU.ActiveCfg = Release|Any CPU
		{4ED643DD-3FA8-41C1-9755-3F201A3F861E}.Release|Any CPU.Build.0 = Release|Any CPU
		{4ED643DD-3FA8-41C1-9755-3F201A3F861E}.Release|x64.ActiveCfg = Release|Any CPU
		{4ED643DD-3FA8-41C1-9755-3F201A3F861E}.Release|x64.Build.0 = Release|Any CPU
		{4ED643DD-3FA8-41C1-9755-3F201A3F861E}.Release|x86.ActiveCfg = Release|Any CPU
		{4ED643DD-3FA8-41C1-9755-3F201A3F861E}.Release|x86.Build.0 = Release|Any CPU
		{FCEEBE07-19EF-477A-B1E1-7DA066B6B494}.Debug|Any CPU.ActiveCfg = Debug|Any CPU
		{FCEEBE07-19EF-477A-B1E1-7DA066B6B494}.Debug|Any CPU.Build.0 = Debug|Any CPU
		{FCEEBE07-19EF-477A-B1E1-7DA066B6B494}.Debug|x64.ActiveCfg = Debug|Any CPU
		{FCEEBE07-19EF-477A-B1E1-7DA066B6B494}.Debug|x64.Build.0 = Debug|Any CPU
		{FCEEBE07-19EF-477A-B1E1-7DA066B6B494}.Debug|x86.ActiveCfg = Debug|Any CPU
		{FCEEBE07-19EF-477A-B1E1-7DA066B6B494}.Debug|x86.Build.0 = Debug|Any CPU
		{FCEEBE07-19EF-477A-B1E1-7DA066B6B494}.Release|Any CPU.ActiveCfg = Release|Any CPU
		{FCEEBE07-19EF-477A-B1E1-7DA066B6B494}.Release|Any CPU.Build.0 = Release|Any CPU
		{FCEEBE07-19EF-477A-B1E1-7DA066B6B494}.Release|x64.ActiveCfg = Release|Any CPU
		{FCEEBE07-19EF-477A-B1E1-7DA066B6B494}.Release|x64.Build.0 = Release|Any CPU
		{FCEEBE07-19EF-477A-B1E1-7DA066B6B494}.Release|x86.ActiveCfg = Release|Any CPU
		{FCEEBE07-19EF-477A-B1E1-7DA066B6B494}.Release|x86.Build.0 = Release|Any CPU
		{DF4C3525-760C-443B-8DDE-0D820038104B}.Debug|Any CPU.ActiveCfg = Debug|Any CPU
		{DF4C3525-760C-443B-8DDE-0D820038104B}.Debug|Any CPU.Build.0 = Debug|Any CPU
		{DF4C3525-760C-443B-8DDE-0D820038104B}.Debug|x64.ActiveCfg = Debug|Any CPU
		{DF4C3525-760C-443B-8DDE-0D820038104B}.Debug|x64.Build.0 = Debug|Any CPU
		{DF4C3525-760C-443B-8DDE-0D820038104B}.Debug|x86.ActiveCfg = Debug|Any CPU
		{DF4C3525-760C-443B-8DDE-0D820038104B}.Debug|x86.Build.0 = Debug|Any CPU
		{DF4C3525-760C-443B-8DDE-0D820038104B}.Release|Any CPU.ActiveCfg = Release|Any CPU
		{DF4C3525-760C-443B-8DDE-0D820038104B}.Release|Any CPU.Build.0 = Release|Any CPU
		{DF4C3525-760C-443B-8DDE-0D820038104B}.Release|x64.ActiveCfg = Release|Any CPU
		{DF4C3525-760C-443B-8DDE-0D820038104B}.Release|x64.Build.0 = Release|Any CPU
		{DF4C3525-760C-443B-8DDE-0D820038104B}.Release|x86.ActiveCfg = Release|Any CPU
		{DF4C3525-760C-443B-8DDE-0D820038104B}.Release|x86.Build.0 = Release|Any CPU
		{5501C45F-B1FE-4300-96BB-161ED10C375A}.Debug|Any CPU.ActiveCfg = Debug|Any CPU
		{5501C45F-B1FE-4300-96BB-161ED10C375A}.Debug|Any CPU.Build.0 = Debug|Any CPU
		{5501C45F-B1FE-4300-96BB-161ED10C375A}.Debug|x64.ActiveCfg = Debug|Any CPU
		{5501C45F-B1FE-4300-96BB-161ED10C375A}.Debug|x64.Build.0 = Debug|Any CPU
		{5501C45F-B1FE-4300-96BB-161ED10C375A}.Debug|x86.ActiveCfg = Debug|Any CPU
		{5501C45F-B1FE-4300-96BB-161ED10C375A}.Debug|x86.Build.0 = Debug|Any CPU
		{5501C45F-B1FE-4300-96BB-161ED10C375A}.Release|Any CPU.ActiveCfg = Release|Any CPU
		{5501C45F-B1FE-4300-96BB-161ED10C375A}.Release|Any CPU.Build.0 = Release|Any CPU
		{5501C45F-B1FE-4300-96BB-161ED10C375A}.Release|x64.ActiveCfg = Release|Any CPU
		{5501C45F-B1FE-4300-96BB-161ED10C375A}.Release|x64.Build.0 = Release|Any CPU
		{5501C45F-B1FE-4300-96BB-161ED10C375A}.Release|x86.ActiveCfg = Release|Any CPU
		{5501C45F-B1FE-4300-96BB-161ED10C375A}.Release|x86.Build.0 = Release|Any CPU
		{C0AD69DD-0D05-4577-918C-BB401F65B0A1}.Debug|Any CPU.ActiveCfg = Debug|Any CPU
		{C0AD69DD-0D05-4577-918C-BB401F65B0A1}.Debug|Any CPU.Build.0 = Debug|Any CPU
		{C0AD69DD-0D05-4577-918C-BB401F65B0A1}.Debug|x64.ActiveCfg = Debug|Any CPU
		{C0AD69DD-0D05-4577-918C-BB401F65B0A1}.Debug|x64.Build.0 = Debug|Any CPU
		{C0AD69DD-0D05-4577-918C-BB401F65B0A1}.Debug|x86.ActiveCfg = Debug|Any CPU
		{C0AD69DD-0D05-4577-918C-BB401F65B0A1}.Debug|x86.Build.0 = Debug|Any CPU
		{C0AD69DD-0D05-4577-918C-BB401F65B0A1}.Release|Any CPU.ActiveCfg = Release|Any CPU
		{C0AD69DD-0D05-4577-918C-BB401F65B0A1}.Release|Any CPU.Build.0 = Release|Any CPU
		{C0AD69DD-0D05-4577-918C-BB401F65B0A1}.Release|x64.ActiveCfg = Release|Any CPU
		{C0AD69DD-0D05-4577-918C-BB401F65B0A1}.Release|x64.Build.0 = Release|Any CPU
		{C0AD69DD-0D05-4577-918C-BB401F65B0A1}.Release|x86.ActiveCfg = Release|Any CPU
		{C0AD69DD-0D05-4577-918C-BB401F65B0A1}.Release|x86.Build.0 = Release|Any CPU
		{90EADBE6-D3F9-4A9D-816E-A8E04C2E9AD5}.Debug|Any CPU.ActiveCfg = Debug|Any CPU
		{90EADBE6-D3F9-4A9D-816E-A8E04C2E9AD5}.Debug|Any CPU.Build.0 = Debug|Any CPU
		{90EADBE6-D3F9-4A9D-816E-A8E04C2E9AD5}.Debug|x64.ActiveCfg = Debug|Any CPU
		{90EADBE6-D3F9-4A9D-816E-A8E04C2E9AD5}.Debug|x64.Build.0 = Debug|Any CPU
		{90EADBE6-D3F9-4A9D-816E-A8E04C2E9AD5}.Debug|x86.ActiveCfg = Debug|Any CPU
		{90EADBE6-D3F9-4A9D-816E-A8E04C2E9AD5}.Debug|x86.Build.0 = Debug|Any CPU
		{90EADBE6-D3F9-4A9D-816E-A8E04C2E9AD5}.Release|Any CPU.ActiveCfg = Release|Any CPU
		{90EADBE6-D3F9-4A9D-816E-A8E04C2E9AD5}.Release|Any CPU.Build.0 = Release|Any CPU
		{90EADBE6-D3F9-4A9D-816E-A8E04C2E9AD5}.Release|x64.ActiveCfg = Release|Any CPU
		{90EADBE6-D3F9-4A9D-816E-A8E04C2E9AD5}.Release|x64.Build.0 = Release|Any CPU
		{90EADBE6-D3F9-4A9D-816E-A8E04C2E9AD5}.Release|x86.ActiveCfg = Release|Any CPU
		{90EADBE6-D3F9-4A9D-816E-A8E04C2E9AD5}.Release|x86.Build.0 = Release|Any CPU
		{09BE1803-3C30-4500-93DD-8613EF086974}.Debug|Any CPU.ActiveCfg = Debug|Any CPU
		{09BE1803-3C30-4500-93DD-8613EF086974}.Debug|Any CPU.Build.0 = Debug|Any CPU
		{09BE1803-3C30-4500-93DD-8613EF086974}.Debug|x64.ActiveCfg = Debug|Any CPU
		{09BE1803-3C30-4500-93DD-8613EF086974}.Debug|x64.Build.0 = Debug|Any CPU
		{09BE1803-3C30-4500-93DD-8613EF086974}.Debug|x86.ActiveCfg = Debug|Any CPU
		{09BE1803-3C30-4500-93DD-8613EF086974}.Debug|x86.Build.0 = Debug|Any CPU
		{09BE1803-3C30-4500-93DD-8613EF086974}.Release|Any CPU.ActiveCfg = Release|Any CPU
		{09BE1803-3C30-4500-93DD-8613EF086974}.Release|Any CPU.Build.0 = Release|Any CPU
		{09BE1803-3C30-4500-93DD-8613EF086974}.Release|x64.ActiveCfg = Release|Any CPU
		{09BE1803-3C30-4500-93DD-8613EF086974}.Release|x64.Build.0 = Release|Any CPU
		{09BE1803-3C30-4500-93DD-8613EF086974}.Release|x86.ActiveCfg = Release|Any CPU
		{09BE1803-3C30-4500-93DD-8613EF086974}.Release|x86.Build.0 = Release|Any CPU
		{2620CAD9-0AC0-40F9-9C8C-F7489CE75B4D}.Debug|Any CPU.ActiveCfg = Debug|Any CPU
		{2620CAD9-0AC0-40F9-9C8C-F7489CE75B4D}.Debug|Any CPU.Build.0 = Debug|Any CPU
		{2620CAD9-0AC0-40F9-9C8C-F7489CE75B4D}.Debug|x64.ActiveCfg = Debug|Any CPU
		{2620CAD9-0AC0-40F9-9C8C-F7489CE75B4D}.Debug|x64.Build.0 = Debug|Any CPU
		{2620CAD9-0AC0-40F9-9C8C-F7489CE75B4D}.Debug|x86.ActiveCfg = Debug|Any CPU
		{2620CAD9-0AC0-40F9-9C8C-F7489CE75B4D}.Debug|x86.Build.0 = Debug|Any CPU
		{2620CAD9-0AC0-40F9-9C8C-F7489CE75B4D}.Release|Any CPU.ActiveCfg = Release|Any CPU
		{2620CAD9-0AC0-40F9-9C8C-F7489CE75B4D}.Release|Any CPU.Build.0 = Release|Any CPU
		{2620CAD9-0AC0-40F9-9C8C-F7489CE75B4D}.Release|x64.ActiveCfg = Release|Any CPU
		{2620CAD9-0AC0-40F9-9C8C-F7489CE75B4D}.Release|x64.Build.0 = Release|Any CPU
		{2620CAD9-0AC0-40F9-9C8C-F7489CE75B4D}.Release|x86.ActiveCfg = Release|Any CPU
		{2620CAD9-0AC0-40F9-9C8C-F7489CE75B4D}.Release|x86.Build.0 = Release|Any CPU
		{9C33DECC-7C86-4572-92E3-C16DA3ED29EE}.Debug|Any CPU.ActiveCfg = Debug|Any CPU
		{9C33DECC-7C86-4572-92E3-C16DA3ED29EE}.Debug|Any CPU.Build.0 = Debug|Any CPU
		{9C33DECC-7C86-4572-92E3-C16DA3ED29EE}.Debug|x64.ActiveCfg = Debug|Any CPU
		{9C33DECC-7C86-4572-92E3-C16DA3ED29EE}.Debug|x64.Build.0 = Debug|Any CPU
		{9C33DECC-7C86-4572-92E3-C16DA3ED29EE}.Debug|x86.ActiveCfg = Debug|Any CPU
		{9C33DECC-7C86-4572-92E3-C16DA3ED29EE}.Debug|x86.Build.0 = Debug|Any CPU
		{9C33DECC-7C86-4572-92E3-C16DA3ED29EE}.Release|Any CPU.ActiveCfg = Release|Any CPU
		{9C33DECC-7C86-4572-92E3-C16DA3ED29EE}.Release|Any CPU.Build.0 = Release|Any CPU
		{9C33DECC-7C86-4572-92E3-C16DA3ED29EE}.Release|x64.ActiveCfg = Release|Any CPU
		{9C33DECC-7C86-4572-92E3-C16DA3ED29EE}.Release|x64.Build.0 = Release|Any CPU
		{9C33DECC-7C86-4572-92E3-C16DA3ED29EE}.Release|x86.ActiveCfg = Release|Any CPU
		{9C33DECC-7C86-4572-92E3-C16DA3ED29EE}.Release|x86.Build.0 = Release|Any CPU
	EndGlobalSection
	GlobalSection(SolutionProperties) = preSolution
		HideSolutionNode = FALSE
	EndGlobalSection
	GlobalSection(NestedProjects) = preSolution
		{C8E42992-5E42-0C2B-DBFE-AA848D06431C} = {827E0CD3-B72D-47B6-A68D-7590B98EB39B}
		{B045E501-5141-1E89-B4C7-6693A100DAF5} = {C8E42992-5E42-0C2B-DBFE-AA848D06431C}
		{F8D44424-4E71-4821-9E47-5DCC80A9402E} = {B045E501-5141-1E89-B4C7-6693A100DAF5}
		{7DA348B5-9681-7436-A640-3B972169BAFB} = {C8E42992-5E42-0C2B-DBFE-AA848D06431C}
		{7C8E8A24-CF91-423C-AE58-541F0C16FEEC} = {7DA348B5-9681-7436-A640-3B972169BAFB}
		{984BB9B3-3FA3-BE33-9484-CAC21695A33C} = {827E0CD3-B72D-47B6-A68D-7590B98EB39B}
		{F9124A1B-0D15-347C-A309-43C309170E30} = {984BB9B3-3FA3-BE33-9484-CAC21695A33C}
		{B01E69F1-20D6-8AAC-C59A-7871FFD1939C} = {F9124A1B-0D15-347C-A309-43C309170E30}
		{99A7BC4F-2640-3771-1135-A7BE32BC0533} = {B01E69F1-20D6-8AAC-C59A-7871FFD1939C}
		{07F83268-69A7-44FB-91E1-4C1084EE26A6} = {99A7BC4F-2640-3771-1135-A7BE32BC0533}
		{6A6BA917-288C-0F6D-4775-DA46DAFBAE38} = {984BB9B3-3FA3-BE33-9484-CAC21695A33C}
		{31EE025F-B9E5-B4B4-2834-7494905AD4FB} = {6A6BA917-288C-0F6D-4775-DA46DAFBAE38}
		{0AEB4FFD-FA89-8D68-EFAC-8C668C318BD2} = {31EE025F-B9E5-B4B4-2834-7494905AD4FB}
		{20347BE2-2BDD-416C-968A-2834986C5C2D} = {0AEB4FFD-FA89-8D68-EFAC-8C668C318BD2}
		{F587AB4D-FC49-1776-F88F-A530654AE0A1} = {984BB9B3-3FA3-BE33-9484-CAC21695A33C}
		{C13012ED-651A-880B-AEB7-69C0CBEEED24} = {F587AB4D-FC49-1776-F88F-A530654AE0A1}
		{0B2E1AB0-8A93-2E30-C711-22944ADC427B} = {C13012ED-651A-880B-AEB7-69C0CBEEED24}
		{3253584D-6062-4779-89D4-54FED58C24EE} = {0B2E1AB0-8A93-2E30-C711-22944ADC427B}
		{5DF39E3B-D071-F102-A612-DF13D31FB05B} = {984BB9B3-3FA3-BE33-9484-CAC21695A33C}
		{100F79B4-978D-A1F6-A4B7-AE9D89DB4E4F} = {5DF39E3B-D071-F102-A612-DF13D31FB05B}
		{706BF16A-5E34-EE7D-0D9B-7C9DFE05D0E1} = {100F79B4-978D-A1F6-A4B7-AE9D89DB4E4F}
		{55D1AA7E-842B-4656-B5FF-9B626F0A2DF5} = {706BF16A-5E34-EE7D-0D9B-7C9DFE05D0E1}
		{98FB6F92-BA4F-F700-79F2-179737625732} = {984BB9B3-3FA3-BE33-9484-CAC21695A33C}
		{15FB6CD0-6223-C5CA-DF2D-1A07F5B99179} = {98FB6F92-BA4F-F700-79F2-179737625732}
		{36936BC4-3709-BE8A-23DB-C8E1A134DB7D} = {15FB6CD0-6223-C5CA-DF2D-1A07F5B99179}
		{A20CF2A0-C5FD-4A7B-AE7E-78F231202253} = {36936BC4-3709-BE8A-23DB-C8E1A134DB7D}
		{44A59B74-B930-7D60-AF94-54D9DBB544D5} = {984BB9B3-3FA3-BE33-9484-CAC21695A33C}
		{50C6E6CD-1E50-1EB0-951E-58F6249BEC24} = {44A59B74-B930-7D60-AF94-54D9DBB544D5}
		{7BB27B21-263A-70BD-9E08-38A69131CDBA} = {50C6E6CD-1E50-1EB0-951E-58F6249BEC24}
		{4ED643DD-3FA8-41C1-9755-3F201A3F861E} = {7BB27B21-263A-70BD-9E08-38A69131CDBA}
		{EC309C42-4306-F8BB-564A-C5ED5C671B83} = {984BB9B3-3FA3-BE33-9484-CAC21695A33C}
		{B1E181A9-8C61-C544-9EDD-284B4D9DA1E7} = {EC309C42-4306-F8BB-564A-C5ED5C671B83}
		{AA6D181B-433D-8A72-BB9E-0648EB359F94} = {B1E181A9-8C61-C544-9EDD-284B4D9DA1E7}
		{FCEEBE07-19EF-477A-B1E1-7DA066B6B494} = {AA6D181B-433D-8A72-BB9E-0648EB359F94}
		{D885ABEA-BCE0-46DA-A68A-8CF850617801} = {F9124A1B-0D15-347C-A309-43C309170E30}
		{1F55160B-983C-6AB3-E4EF-0EDE6F7D458F} = {D885ABEA-BCE0-46DA-A68A-8CF850617801}
		{DF4C3525-760C-443B-8DDE-0D820038104B} = {1F55160B-983C-6AB3-E4EF-0EDE6F7D458F}
		{F8533961-A291-70D0-A181-542D3F3AD233} = {6A6BA917-288C-0F6D-4775-DA46DAFBAE38}
		{F132E505-B6FB-C568-F7AE-FD180FEAFF5C} = {F8533961-A291-70D0-A181-542D3F3AD233}
		{5501C45F-B1FE-4300-96BB-161ED10C375A} = {F132E505-B6FB-C568-F7AE-FD180FEAFF5C}
		{C430E2DA-3CE9-BBA3-F1A1-DEB0BF74EF31} = {F587AB4D-FC49-1776-F88F-A530654AE0A1}
		{D073B535-5BC8-9649-021E-C530582C8E1B} = {C430E2DA-3CE9-BBA3-F1A1-DEB0BF74EF31}
		{C0AD69DD-0D05-4577-918C-BB401F65B0A1} = {D073B535-5BC8-9649-021E-C530582C8E1B}
		{9D9B4492-FCD0-99D2-8837-EAF60B441714} = {5DF39E3B-D071-F102-A612-DF13D31FB05B}
		{80B91855-3417-6212-EB9F-2BDFBD37448E} = {9D9B4492-FCD0-99D2-8837-EAF60B441714}
		{90EADBE6-D3F9-4A9D-816E-A8E04C2E9AD5} = {80B91855-3417-6212-EB9F-2BDFBD37448E}
		{716FF568-187B-AF39-2C9B-A7AB5F61D691} = {98FB6F92-BA4F-F700-79F2-179737625732}
		{36FFCB1B-ABA5-F32E-C2B6-D470B1CB958B} = {716FF568-187B-AF39-2C9B-A7AB5F61D691}
		{09BE1803-3C30-4500-93DD-8613EF086974} = {36FFCB1B-ABA5-F32E-C2B6-D470B1CB958B}
		{3B3DFBB1-FD2E-8AFB-D7C3-DAA829A8E71B} = {44A59B74-B930-7D60-AF94-54D9DBB544D5}
		{CA85FFFA-F187-1133-8413-DE6CC0512424} = {3B3DFBB1-FD2E-8AFB-D7C3-DAA829A8E71B}
		{2620CAD9-0AC0-40F9-9C8C-F7489CE75B4D} = {CA85FFFA-F187-1133-8413-DE6CC0512424}
		{B8293CF3-E14F-8F72-36FD-0A670C72CD40} = {EC309C42-4306-F8BB-564A-C5ED5C671B83}
		{AB8E1316-5117-BBEA-9125-52F02C26655A} = {B8293CF3-E14F-8F72-36FD-0A670C72CD40}
		{9C33DECC-7C86-4572-92E3-C16DA3ED29EE} = {AB8E1316-5117-BBEA-9125-52F02C26655A}
	EndGlobalSection
	GlobalSection(ExtensibilityGlobals) = postSolution
		SolutionGuid = {68A24D81-3EE6-49F6-834D-3DABA7E6D009}
	EndGlobalSection
EndGlobal
